
Microsoft Visual Studio Solution File, Format Version 12.00
# Visual Studio Version 17
VisualStudioVersion = 17.6.33829.357
MinimumVisualStudioVersion = 10.0.40219.1
Project("{FAE04EC0-301F-11D3-BF4B-00C04F79EFBC}") = "Built In GenericDataStructures", "Built In GenericDataStructures\Built In GenericDataStructures.csproj", "{66D2C533-F6E0-4BF2-8064-30648BAEE753}"
EndProject
Global
	GlobalSection(SolutionConfigurationPlatforms) = preSolution
		Debug|Any CPU = Debug|Any CPU
		Release|Any CPU = Release|Any CPU
	EndGlobalSection
	GlobalSection(ProjectConfigurationPlatforms) = postSolution
		{66D2C533-F6E0-4BF2-8064-30648BAEE753}.Debug|Any CPU.ActiveCfg = Debug|Any CPU
		{66D2C533-F6E0-4BF2-8064-30648BAEE753}.Debug|Any CPU.Build.0 = Debug|Any CPU
		{66D2C533-F6E0-4BF2-8064-30648BAEE753}.Release|Any CPU.ActiveCfg = Release|Any CPU
		{66D2C533-F6E0-4BF2-8064-30648BAEE753}.Release|Any CPU.Build.0 = Release|Any CPU
	EndGlobalSection
	GlobalSection(SolutionProperties) = preSolution
		HideSolutionNode = FALSE
	EndGlobalSection
	GlobalSection(ExtensibilityGlobals) = postSolution
		SolutionGuid = {0FB4328F-4F13-4F84-A8DE-10B89BE92748}
	EndGlobalSection
EndGlobal
